
Microsoft Visual Studio Solution File, Format Version 12.00
# Visual Studio Version 17
VisualStudioVersion = 17.13.35825.156 d17.13
MinimumVisualStudioVersion = 10.0.40219.1
Project("{FAE04EC0-301F-11D3-BF4B-00C04F79EFBC}") = "concurrent programming", "concurrent programming\concurrent programming.csproj", "{0E09D27C-4624-4DA9-87BE-AF6CD942902F}"
EndProject
Global
	GlobalSection(SolutionConfigurationPlatforms) = preSolution
		Debug|Any CPU = Debug|Any CPU
		Release|Any CPU = Release|Any CPU
	EndGlobalSection
	GlobalSection(ProjectConfigurationPlatforms) = postSolution
		{0E09D27C-4624-4DA9-87BE-AF6CD942902F}.Debug|Any CPU.ActiveCfg = Debug|Any CPU
		{0E09D27C-4624-4DA9-87BE-AF6CD942902F}.Debug|Any CPU.Build.0 = Debug|Any CPU
		{0E09D27C-4624-4DA9-87BE-AF6CD942902F}.Release|Any CPU.ActiveCfg = Release|Any CPU
		{0E09D27C-4624-4DA9-87BE-AF6CD942902F}.Release|Any CPU.Build.0 = Release|Any CPU
	EndGlobalSection
	GlobalSection(SolutionProperties) = preSolution
		HideSolutionNode = FALSE
	EndGlobalSection
	GlobalSection(ExtensibilityGlobals) = postSolution
		SolutionGuid = {3EB2F4FF-00A0-417A-8BAF-7768D31EC5D4}
	EndGlobalSection
EndGlobal
